
Microsoft Visual Studio Solution File, Format Version 12.00
# Visual Studio Version 17
VisualStudioVersion = 17.8.34525.116
MinimumVisualStudioVersion = 10.0.40219.1
Project("{FAE04EC0-301F-11D3-BF4B-00C04F79EFBC}") = "WinFormsApp1", "WinFormsApp1\WinFormsApp1.csproj", "{BDF44E00-63DA-44F6-AD51-4DF8B50955D5}"
EndProject
Global
	GlobalSection(SolutionConfigurationPlatforms) = preSolution
		Debug|Any CPU = Debug|Any CPU
		Release|Any CPU = Release|Any CPU
	EndGlobalSection
	GlobalSection(ProjectConfigurationPlatforms) = postSolution
		{BDF44E00-63DA-44F6-AD51-4DF8B50955D5}.Debug|Any CPU.ActiveCfg = Debug|Any CPU
		{BDF44E00-63DA-44F6-AD51-4DF8B50955D5}.Debug|Any CPU.Build.0 = Debug|Any CPU
		{BDF44E00-63DA-44F6-AD51-4DF8B50955D5}.Release|Any CPU.ActiveCfg = Release|Any CPU
		{BDF44E00-63DA-44F6-AD51-4DF8B50955D5}.Release|Any CPU.Build.0 = Release|Any CPU
	EndGlobalSection
	GlobalSection(SolutionProperties) = preSolution
		HideSolutionNode = FALSE
	EndGlobalSection
	GlobalSection(ExtensibilityGlobals) = postSolution
		SolutionGuid = {30A2AACA-8A70-40D4-B27E-87FCEB45C06C}
	EndGlobalSection
EndGlobal
